
Microsoft Visual Studio Solution File, Format Version 12.00
# Visual Studio Version 16
VisualStudioVersion = 16.0.32602.291
MinimumVisualStudioVersion = 10.0.40219.1
Project("{2150E333-8FDC-42A3-9474-1A3956D46DE8}") = "Src", "Src", "{1318F8CD-2AB9-46EA-8EE5-1C02387D06C4}"
EndProject
Project("{2150E333-8FDC-42A3-9474-1A3956D46DE8}") = "Doc", "Doc", "{C27781F0-9FE5-4481-A5FA-9E0C6CB8F314}"
EndProject
Project("{2150E333-8FDC-42A3-9474-1A3956D46DE8}") = "Test", "Test", "{090A1ADC-FFE9-4A57-8D0F-F232955BC4E7}"
EndProject
Project("{2150E333-8FDC-42A3-9474-1A3956D46DE8}") = "Solution Items", "Solution Items", "{5B447900-11E6-4814-BCC4-8CEC67866DEE}"
EndProject
Project("{2150E333-8FDC-42A3-9474-1A3956D46DE8}") = "Core", "Core", "{1FC30DD6-AA38-4F1A-92C5-11F564068A19}"
EndProject
Project("{2150E333-8FDC-42A3-9474-1A3956D46DE8}") = "Presentation", "Presentation", "{E8BFD2C1-2509-4B12-8C1F-41E79803706F}"
EndProject
Project("{2150E333-8FDC-42A3-9474-1A3956D46DE8}") = "Infrastructures", "Infrastructures", "{4DF77717-AD13-4D98-918A-03CA460AC199}"
EndProject
Project("{9A19103F-16F7-4668-BE54-9A1E7A4F7556}") = "Domain", "Domain\Domain.csproj", "{DEC4A95D-8169-48D0-95EA-9BE553FC9D25}"
EndProject
Project("{9A19103F-16F7-4668-BE54-9A1E7A4F7556}") = "Application", "Application\Application.csproj", "{4CF2787C-E542-42D3-A4EF-572176F5372B}"
EndProject
Project("{9A19103F-16F7-4668-BE54-9A1E7A4F7556}") = "Infrastructure", "Infrastructure\Infrastructure.csproj", "{2C055F3E-4E4D-42C1-ADAF-04159282E5B6}"
EndProject
Project("{9A19103F-16F7-4668-BE54-9A1E7A4F7556}") = "Persistance", "Persistance\Persistance.csproj", "{1E5AEF7C-A641-4A67-B7D9-74A3971F0CDD}"
EndProject
Project("{9A19103F-16F7-4668-BE54-9A1E7A4F7556}") = "WebSite.EndPoint", "WebSite.EndPoint\WebSite.EndPoint.csproj", "{AFB66D0A-2937-4CE7-A70E-56F2E5F6C793}"
EndProject
Project("{2150E333-8FDC-42A3-9474-1A3956D46DE8}") = "Commons", "Commons", "{3A6CC4BB-30A3-4FC0-A531-C7E84D6544EE}"
EndProject
Project("{9A19103F-16F7-4668-BE54-9A1E7A4F7556}") = "Common", "Common\Common.csproj", "{441F21EA-8CC3-43CF-859D-AE21B83893B4}"
EndProject
Project("{9A19103F-16F7-4668-BE54-9A1E7A4F7556}") = "StaticFile.EndPoint", "StaticFile.EndPoint\StaticFile.EndPoint.csproj", "{33284589-2E16-4310-B973-4E0EEE804C5E}"
EndProject
Project("{9A19103F-16F7-4668-BE54-9A1E7A4F7556}") = "ApplicationTest", "ApplicationTest\ApplicationTest.csproj", "{A9BF7435-CCE8-480C-A6FE-A9CA1F169A2A}"
EndProject
Project("{9A19103F-16F7-4668-BE54-9A1E7A4F7556}") = "EntitiesTest", "EntitiesTest\EntitiesTest.csproj", "{882B44FB-BFD5-4F6B-BF3B-3C2E3581C4D5}"
EndProject
Project("{9A19103F-16F7-4668-BE54-9A1E7A4F7556}") = "Api.EndPoint", "Api.EndPoint\Api.EndPoint.csproj", "{709FEA16-FE69-4108-9EAF-7DEF9B8FBB00}"
EndProject
Project("{9A19103F-16F7-4668-BE54-9A1E7A4F7556}") = "AdminSite.Endpoint", "AdminSite.Endpoint\AdminSite.Endpoint.csproj", "{9E50B8F0-0D1F-4CBF-88A7-FB5C0030E72C}"
EndProject
Global
	GlobalSection(SolutionConfigurationPlatforms) = preSolution
		Debug|Any CPU = Debug|Any CPU
		Release|Any CPU = Release|Any CPU
	EndGlobalSection
	GlobalSection(ProjectConfigurationPlatforms) = postSolution
		{DEC4A95D-8169-48D0-95EA-9BE553FC9D25}.Debug|Any CPU.ActiveCfg = Debug|Any CPU
		{DEC4A95D-8169-48D0-95EA-9BE553FC9D25}.Debug|Any CPU.Build.0 = Debug|Any CPU
		{DEC4A95D-8169-48D0-95EA-9BE553FC9D25}.Release|Any CPU.ActiveCfg = Release|Any CPU
		{DEC4A95D-8169-48D0-95EA-9BE553FC9D25}.Release|Any CPU.Build.0 = Release|Any CPU
		{4CF2787C-E542-42D3-A4EF-572176F5372B}.Debug|Any CPU.ActiveCfg = Debug|Any CPU
		{4CF2787C-E542-42D3-A4EF-572176F5372B}.Debug|Any CPU.Build.0 = Debug|Any CPU
		{4CF2787C-E542-42D3-A4EF-572176F5372B}.Release|Any CPU.ActiveCfg = Release|Any CPU
		{4CF2787C-E542-42D3-A4EF-572176F5372B}.Release|Any CPU.Build.0 = Release|Any CPU
		{2C055F3E-4E4D-42C1-ADAF-04159282E5B6}.Debug|Any CPU.ActiveCfg = Debug|Any CPU
		{2C055F3E-4E4D-42C1-ADAF-04159282E5B6}.Debug|Any CPU.Build.0 = Debug|Any CPU
		{2C055F3E-4E4D-42C1-ADAF-04159282E5B6}.Release|Any CPU.ActiveCfg = Release|Any CPU
		{2C055F3E-4E4D-42C1-ADAF-04159282E5B6}.Release|Any CPU.Build.0 = Release|Any CPU
		{1E5AEF7C-A641-4A67-B7D9-74A3971F0CDD}.Debug|Any CPU.ActiveCfg = Debug|Any CPU
		{1E5AEF7C-A641-4A67-B7D9-74A3971F0CDD}.Debug|Any CPU.Build.0 = Debug|Any CPU
		{1E5AEF7C-A641-4A67-B7D9-74A3971F0CDD}.Release|Any CPU.ActiveCfg = Release|Any CPU
		{1E5AEF7C-A641-4A67-B7D9-74A3971F0CDD}.Release|Any CPU.Build.0 = Release|Any CPU
		{AFB66D0A-2937-4CE7-A70E-56F2E5F6C793}.Debug|Any CPU.ActiveCfg = Debug|Any CPU
		{AFB66D0A-2937-4CE7-A70E-56F2E5F6C793}.Debug|Any CPU.Build.0 = Debug|Any CPU
		{AFB66D0A-2937-4CE7-A70E-56F2E5F6C793}.Release|Any CPU.ActiveCfg = Release|Any CPU
		{AFB66D0A-2937-4CE7-A70E-56F2E5F6C793}.Release|Any CPU.Build.0 = Release|Any CPU
		{441F21EA-8CC3-43CF-859D-AE21B83893B4}.Debug|Any CPU.ActiveCfg = Debug|Any CPU
		{441F21EA-8CC3-43CF-859D-AE21B83893B4}.Debug|Any CPU.Build.0 = Debug|Any CPU
		{441F21EA-8CC3-43CF-859D-AE21B83893B4}.Release|Any CPU.ActiveCfg = Release|Any CPU
		{441F21EA-8CC3-43CF-859D-AE21B83893B4}.Release|Any CPU.Build.0 = Release|Any CPU
		{33284589-2E16-4310-B973-4E0EEE804C5E}.Debug|Any CPU.ActiveCfg = Debug|Any CPU
		{33284589-2E16-4310-B973-4E0EEE804C5E}.Debug|Any CPU.Build.0 = Debug|Any CPU
		{33284589-2E16-4310-B973-4E0EEE804C5E}.Release|Any CPU.ActiveCfg = Release|Any CPU
		{33284589-2E16-4310-B973-4E0EEE804C5E}.Release|Any CPU.Build.0 = Release|Any CPU
		{A9BF7435-CCE8-480C-A6FE-A9CA1F169A2A}.Debug|Any CPU.ActiveCfg = Debug|Any CPU
		{A9BF7435-CCE8-480C-A6FE-A9CA1F169A2A}.Debug|Any CPU.Build.0 = Debug|Any CPU
		{A9BF7435-CCE8-480C-A6FE-A9CA1F169A2A}.Release|Any CPU.ActiveCfg = Release|Any CPU
		{A9BF7435-CCE8-480C-A6FE-A9CA1F169A2A}.Release|Any CPU.Build.0 = Release|Any CPU
		{882B44FB-BFD5-4F6B-BF3B-3C2E3581C4D5}.Debug|Any CPU.ActiveCfg = Debug|Any CPU
		{882B44FB-BFD5-4F6B-BF3B-3C2E3581C4D5}.Debug|Any CPU.Build.0 = Debug|Any CPU
		{882B44FB-BFD5-4F6B-BF3B-3C2E3581C4D5}.Release|Any CPU.ActiveCfg = Release|Any CPU
		{882B44FB-BFD5-4F6B-BF3B-3C2E3581C4D5}.Release|Any CPU.Build.0 = Release|Any CPU
		{709FEA16-FE69-4108-9EAF-7DEF9B8FBB00}.Debug|Any CPU.ActiveCfg = Debug|Any CPU
		{709FEA16-FE69-4108-9EAF-7DEF9B8FBB00}.Debug|Any CPU.Build.0 = Debug|Any CPU
		{709FEA16-FE69-4108-9EAF-7DEF9B8FBB00}.Release|Any CPU.ActiveCfg = Release|Any CPU
		{709FEA16-FE69-4108-9EAF-7DEF9B8FBB00}.Release|Any CPU.Build.0 = Release|Any CPU
		{9E50B8F0-0D1F-4CBF-88A7-FB5C0030E72C}.Debug|Any CPU.ActiveCfg = Debug|Any CPU
		{9E50B8F0-0D1F-4CBF-88A7-FB5C0030E72C}.Debug|Any CPU.Build.0 = Debug|Any CPU
		{9E50B8F0-0D1F-4CBF-88A7-FB5C0030E72C}.Release|Any CPU.ActiveCfg = Release|Any CPU
		{9E50B8F0-0D1F-4CBF-88A7-FB5C0030E72C}.Release|Any CPU.Build.0 = Release|Any CPU
	EndGlobalSection
	GlobalSection(SolutionProperties) = preSolution
		HideSolutionNode = FALSE
	EndGlobalSection
	GlobalSection(NestedProjects) = preSolution
		{1FC30DD6-AA38-4F1A-92C5-11F564068A19} = {1318F8CD-2AB9-46EA-8EE5-1C02387D06C4}
		{E8BFD2C1-2509-4B12-8C1F-41E79803706F} = {1318F8CD-2AB9-46EA-8EE5-1C02387D06C4}
		{4DF77717-AD13-4D98-918A-03CA460AC199} = {1318F8CD-2AB9-46EA-8EE5-1C02387D06C4}
		{DEC4A95D-8169-48D0-95EA-9BE553FC9D25} = {1FC30DD6-AA38-4F1A-92C5-11F564068A19}
		{4CF2787C-E542-42D3-A4EF-572176F5372B} = {1FC30DD6-AA38-4F1A-92C5-11F564068A19}
		{2C055F3E-4E4D-42C1-ADAF-04159282E5B6} = {4DF77717-AD13-4D98-918A-03CA460AC199}
		{1E5AEF7C-A641-4A67-B7D9-74A3971F0CDD} = {4DF77717-AD13-4D98-918A-03CA460AC199}
		{AFB66D0A-2937-4CE7-A70E-56F2E5F6C793} = {E8BFD2C1-2509-4B12-8C1F-41E79803706F}
		{3A6CC4BB-30A3-4FC0-A531-C7E84D6544EE} = {1318F8CD-2AB9-46EA-8EE5-1C02387D06C4}
		{441F21EA-8CC3-43CF-859D-AE21B83893B4} = {3A6CC4BB-30A3-4FC0-A531-C7E84D6544EE}
		{33284589-2E16-4310-B973-4E0EEE804C5E} = {E8BFD2C1-2509-4B12-8C1F-41E79803706F}
		{A9BF7435-CCE8-480C-A6FE-A9CA1F169A2A} = {090A1ADC-FFE9-4A57-8D0F-F232955BC4E7}
		{882B44FB-BFD5-4F6B-BF3B-3C2E3581C4D5} = {090A1ADC-FFE9-4A57-8D0F-F232955BC4E7}
		{709FEA16-FE69-4108-9EAF-7DEF9B8FBB00} = {E8BFD2C1-2509-4B12-8C1F-41E79803706F}
		{9E50B8F0-0D1F-4CBF-88A7-FB5C0030E72C} = {E8BFD2C1-2509-4B12-8C1F-41E79803706F}
	EndGlobalSection
	GlobalSection(ExtensibilityGlobals) = postSolution
		SolutionGuid = {30F93070-EFF8-4E3E-BA17-A494D2505B41}
	EndGlobalSection
EndGlobal
